
Microsoft Visual Studio Solution File, Format Version 12.00
# Visual Studio 15
VisualStudioVersion = 15.0.27130.2027
MinimumVisualStudioVersion = 10.0.40219.1
Project("{FAE04EC0-301F-11D3-BF4B-00C04F79EFBC}") = "MyFirstMethod", "MyFirstMethod\MyFirstMethod.csproj", "{D79E5BA7-4689-4237-9676-CA5905574661}"
EndProject
Global
	GlobalSection(SolutionConfigurationPlatforms) = preSolution
		Debug|Any CPU = Debug|Any CPU
		Release|Any CPU = Release|Any CPU
	EndGlobalSection
	GlobalSection(ProjectConfigurationPlatforms) = postSolution
		{D79E5BA7-4689-4237-9676-CA5905574661}.Debug|Any CPU.ActiveCfg = Debug|Any CPU
		{D79E5BA7-4689-4237-9676-CA5905574661}.Debug|Any CPU.Build.0 = Debug|Any CPU
		{D79E5BA7-4689-4237-9676-CA5905574661}.Release|Any CPU.ActiveCfg = Release|Any CPU
		{D79E5BA7-4689-4237-9676-CA5905574661}.Release|Any CPU.Build.0 = Release|Any CPU
	EndGlobalSection
	GlobalSection(SolutionProperties) = preSolution
		HideSolutionNode = FALSE
	EndGlobalSection
	GlobalSection(ExtensibilityGlobals) = postSolution
		SolutionGuid = {EB4188FB-9E20-47E6-80D2-C8C85C66E4EC}
	EndGlobalSection
EndGlobal
